// !$*UTF8*$!
{
	archiveVersion = 1;
	classes = {
	};
	objectVersion = 56;
	objects = {

/* Begin PBXBuildFile section */
		B92BE1EE2B29E5BA0004E850 /* AppDelegate.swift in Sources */ = {isa = PBXBuildFile; fileRef = B92BE1ED2B29E5BA0004E850 /* AppDelegate.swift */; };
		B92BE1F02B29E5BA0004E850 /* SceneDelegate.swift in Sources */ = {isa = PBXBuildFile; fileRef = B92BE1EF2B29E5BA0004E850 /* SceneDelegate.swift */; };
		B92BE1F22B29E5BA0004E850 /* MainViewController.swift in Sources */ = {isa = PBXBuildFile; fileRef = B92BE1F12B29E5BA0004E850 /* MainViewController.swift */; };
		B92BE1F72B29E5BB0004E850 /* Assets.xcassets in Resources */ = {isa = PBXBuildFile; fileRef = B92BE1F62B29E5BB0004E850 /* Assets.xcassets */; };
		B92BE1FA2B29E5BB0004E850 /* LaunchScreen.storyboard in Resources */ = {isa = PBXBuildFile; fileRef = B92BE1F82B29E5BB0004E850 /* LaunchScreen.storyboard */; };
		B92BE2072B29E8B80004E850 /* NetworkManager.swift in Sources */ = {isa = PBXBuildFile; fileRef = B92BE2062B29E8B80004E850 /* NetworkManager.swift */; };
		B92BE2092B29EB180004E850 /* Model.swift in Sources */ = {isa = PBXBuildFile; fileRef = B92BE2082B29EB180004E850 /* Model.swift */; };
		B92BE20C2B29F4500004E850 /* MainViewModel.swift in Sources */ = {isa = PBXBuildFile; fileRef = B92BE20B2B29F4500004E850 /* MainViewModel.swift */; };
		B92BE20E2B29F4B60004E850 /* Coordinator.swift in Sources */ = {isa = PBXBuildFile; fileRef = B92BE20D2B29F4B60004E850 /* Coordinator.swift */; };
		B9A731062B2B5120000BF3E0 /* Extension+UIImageView.swift in Sources */ = {isa = PBXBuildFile; fileRef = B9A731052B2B5120000BF3E0 /* Extension+UIImageView.swift */; };
		B9A731082B2B5247000BF3E0 /* Extension+String.swift in Sources */ = {isa = PBXBuildFile; fileRef = B9A731072B2B5247000BF3E0 /* Extension+String.swift */; };
		B9DD91472B2A100D00C610EB /* CustomTableViewCell.swift in Sources */ = {isa = PBXBuildFile; fileRef = B9DD91462B2A100D00C610EB /* CustomTableViewCell.swift */; };
		B9DD914A2B2A107B00C610EB /* Extension+UIView.swift in Sources */ = {isa = PBXBuildFile; fileRef = B9DD91492B2A107B00C610EB /* Extension+UIView.swift */; };
		D5180F8951A577854E2C5480 /* Pods_TestTask.framework in Frameworks */ = {isa = PBXBuildFile; fileRef = 7D0B97A0EE34A104898396EF /* Pods_TestTask.framework */; };
/* End PBXBuildFile section */

/* Begin PBXFileReference section */
		7D0B97A0EE34A104898396EF /* Pods_TestTask.framework */ = {isa = PBXFileReference; explicitFileType = wrapper.framework; includeInIndex = 0; path = Pods_TestTask.framework; sourceTree = BUILT_PRODUCTS_DIR; };
		870EA51F0F00DD671EAF0106 /* Pods-TestTask.debug.xcconfig */ = {isa = PBXFileReference; includeInIndex = 1; lastKnownFileType = text.xcconfig; name = "Pods-TestTask.debug.xcconfig"; path = "Target Support Files/Pods-TestTask/Pods-TestTask.debug.xcconfig"; sourceTree = "<group>"; };
		9C958E7A62F20E14B01A612F /* Pods-TestTask.release.xcconfig */ = {isa = PBXFileReference; includeInIndex = 1; lastKnownFileType = text.xcconfig; name = "Pods-TestTask.release.xcconfig"; path = "Target Support Files/Pods-TestTask/Pods-TestTask.release.xcconfig"; sourceTree = "<group>"; };
		B92BE1EA2B29E5BA0004E850 /* TestTask.app */ = {isa = PBXFileReference; explicitFileType = wrapper.application; includeInIndex = 0; path = TestTask.app; sourceTree = BUILT_PRODUCTS_DIR; };
		B92BE1ED2B29E5BA0004E850 /* AppDelegate.swift */ = {isa = PBXFileReference; lastKnownFileType = sourcecode.swift; path = AppDelegate.swift; sourceTree = "<group>"; };
		B92BE1EF2B29E5BA0004E850 /* SceneDelegate.swift */ = {isa = PBXFileReference; lastKnownFileType = sourcecode.swift; path = SceneDelegate.swift; sourceTree = "<group>"; };
		B92BE1F12B29E5BA0004E850 /* MainViewController.swift */ = {isa = PBXFileReference; lastKnownFileType = sourcecode.swift; path = MainViewController.swift; sourceTree = "<group>"; };
		B92BE1F62B29E5BB0004E850 /* Assets.xcassets */ = {isa = PBXFileReference; lastKnownFileType = folder.assetcatalog; path = Assets.xcassets; sourceTree = "<group>"; };
		B92BE1F92B29E5BB0004E850 /* Base */ = {isa = PBXFileReference; lastKnownFileType = file.storyboard; name = Base; path = Base.lproj/LaunchScreen.storyboard; sourceTree = "<group>"; };
		B92BE1FB2B29E5BB0004E850 /* Info.plist */ = {isa = PBXFileReference; lastKnownFileType = text.plist.xml; path = Info.plist; sourceTree = "<group>"; };
		B92BE2062B29E8B80004E850 /* NetworkManager.swift */ = {isa = PBXFileReference; lastKnownFileType = sourcecode.swift; path = NetworkManager.swift; sourceTree = "<group>"; };
		B92BE2082B29EB180004E850 /* Model.swift */ = {isa = PBXFileReference; lastKnownFileType = sourcecode.swift; path = Model.swift; sourceTree = "<group>"; };
		B92BE20B2B29F4500004E850 /* MainViewModel.swift */ = {isa = PBXFileReference; lastKnownFileType = sourcecode.swift; path = MainViewModel.swift; sourceTree = "<group>"; };
		B92BE20D2B29F4B60004E850 /* Coordinator.swift */ = {isa = PBXFileReference; lastKnownFileType = sourcecode.swift; path = Coordinator.swift; sourceTree = "<group>"; };
		B9A731052B2B5120000BF3E0 /* Extension+UIImageView.swift */ = {isa = PBXFileReference; lastKnownFileType = sourcecode.swift; path = "Extension+UIImageView.swift"; sourceTree = "<group>"; };
		B9A731072B2B5247000BF3E0 /* Extension+String.swift */ = {isa = PBXFileReference; lastKnownFileType = sourcecode.swift; path = "Extension+String.swift"; sourceTree = "<group>"; };
		B9DD91462B2A100D00C610EB /* CustomTableViewCell.swift */ = {isa = PBXFileReference; lastKnownFileType = sourcecode.swift; path = CustomTableViewCell.swift; sourceTree = "<group>"; };
		B9DD91492B2A107B00C610EB /* Extension+UIView.swift */ = {isa = PBXFileReference; lastKnownFileType = sourcecode.swift; path = "Extension+UIView.swift"; sourceTree = "<group>"; };
/* End PBXFileReference section */

/* Begin PBXFrameworksBuildPhase section */
		B92BE1E72B29E5BA0004E850 /* Frameworks */ = {
			isa = PBXFrameworksBuildPhase;
			buildActionMask = 2147483647;
			files = (
				D5180F8951A577854E2C5480 /* Pods_TestTask.framework in Frameworks */,
			);
			runOnlyForDeploymentPostprocessing = 0;
		};
/* End PBXFrameworksBuildPhase section */

/* Begin PBXGroup section */
		54172B237D90790DB9DA4992 /* Pods */ = {
			isa = PBXGroup;
			children = (
				870EA51F0F00DD671EAF0106 /* Pods-TestTask.debug.xcconfig */,
				9C958E7A62F20E14B01A612F /* Pods-TestTask.release.xcconfig */,
			);
			path = Pods;
			sourceTree = "<group>";
		};
		5C1A972176035474E15686AA /* Frameworks */ = {
			isa = PBXGroup;
			children = (
				7D0B97A0EE34A104898396EF /* Pods_TestTask.framework */,
			);
			name = Frameworks;
			sourceTree = "<group>";
		};
		B92BE1E12B29E5BA0004E850 = {
			isa = PBXGroup;
			children = (
				B92BE1EC2B29E5BA0004E850 /* TestTask */,
				B92BE1EB2B29E5BA0004E850 /* Products */,
				54172B237D90790DB9DA4992 /* Pods */,
				5C1A972176035474E15686AA /* Frameworks */,
			);
			sourceTree = "<group>";
		};
		B92BE1EB2B29E5BA0004E850 /* Products */ = {
			isa = PBXGroup;
			children = (
				B92BE1EA2B29E5BA0004E850 /* TestTask.app */,
			);
			name = Products;
			sourceTree = "<group>";
		};
		B92BE1EC2B29E5BA0004E850 /* TestTask */ = {
			isa = PBXGroup;
			children = (
				B92BE2012B29E7FA0004E850 /* Delegate */,
				B9DD91482B2A106F00C610EB /* Extensions */,
				B92BE20A2B29EB1E0004E850 /* Model */,
				B92BE2052B29E8A60004E850 /* Managers */,
				B92BE2042B29E82C0004E850 /* MainView */,
				B92BE2022B29E8040004E850 /* Storyboard */,
				B92BE2032B29E81D0004E850 /* Core */,
				B92BE20F2B29F4BB0004E850 /* Coordaintor */,
			);
			path = TestTask;
			sourceTree = "<group>";
		};
		B92BE2012B29E7FA0004E850 /* Delegate */ = {
			isa = PBXGroup;
			children = (
				B92BE1ED2B29E5BA0004E850 /* AppDelegate.swift */,
				B92BE1EF2B29E5BA0004E850 /* SceneDelegate.swift */,
			);
			path = Delegate;
			sourceTree = "<group>";
		};
		B92BE2022B29E8040004E850 /* Storyboard */ = {
			isa = PBXGroup;
			children = (
				B92BE1F82B29E5BB0004E850 /* LaunchScreen.storyboard */,
			);
			path = Storyboard;
			sourceTree = "<group>";
		};
		B92BE2032B29E81D0004E850 /* Core */ = {
			isa = PBXGroup;
			children = (
				B92BE1F62B29E5BB0004E850 /* Assets.xcassets */,
				B92BE1FB2B29E5BB0004E850 /* Info.plist */,
			);
			path = Core;
			sourceTree = "<group>";
		};
		B92BE2042B29E82C0004E850 /* MainView */ = {
			isa = PBXGroup;
			children = (
				B92BE2102B29F5220004E850 /* View */,
				B92BE2112B29F5270004E850 /* ViewModel */,
			);
			path = MainView;
			sourceTree = "<group>";
		};
		B92BE2052B29E8A60004E850 /* Managers */ = {
			isa = PBXGroup;
			children = (
				B92BE2062B29E8B80004E850 /* NetworkManager.swift */,
			);
			path = Managers;
			sourceTree = "<group>";
		};
		B92BE20A2B29EB1E0004E850 /* Model */ = {
			isa = PBXGroup;
			children = (
				B92BE2082B29EB180004E850 /* Model.swift */,
			);
			path = Model;
			sourceTree = "<group>";
		};
		B92BE20F2B29F4BB0004E850 /* Coordaintor */ = {
			isa = PBXGroup;
			children = (
				B92BE20D2B29F4B60004E850 /* Coordinator.swift */,
			);
			path = Coordaintor;
			sourceTree = "<group>";
		};
		B92BE2102B29F5220004E850 /* View */ = {
			isa = PBXGroup;
			children = (
				B92BE1F12B29E5BA0004E850 /* MainViewController.swift */,
				B9A731092B2B542A000BF3E0 /* CustomCell */,
			);
			path = View;
			sourceTree = "<group>";
		};
		B92BE2112B29F5270004E850 /* ViewModel */ = {
			isa = PBXGroup;
			children = (
				B92BE20B2B29F4500004E850 /* MainViewModel.swift */,
			);
			path = ViewModel;
			sourceTree = "<group>";
		};
		B9A731092B2B542A000BF3E0 /* CustomCell */ = {
			isa = PBXGroup;
			children = (
				B9DD91462B2A100D00C610EB /* CustomTableViewCell.swift */,
			);
			path = CustomCell;
			sourceTree = "<group>";
		};
		B9DD91482B2A106F00C610EB /* Extensions */ = {
			isa = PBXGroup;
			children = (
				B9DD91492B2A107B00C610EB /* Extension+UIView.swift */,
				B9A731052B2B5120000BF3E0 /* Extension+UIImageView.swift */,
				B9A731072B2B5247000BF3E0 /* Extension+String.swift */,
			);
			path = Extensions;
			sourceTree = "<group>";
		};
/* End PBXGroup section */

/* Begin PBXNativeTarget section */
		B92BE1E92B29E5BA0004E850 /* TestTask */ = {
			isa = PBXNativeTarget;
			buildConfigurationList = B92BE1FE2B29E5BB0004E850 /* Build configuration list for PBXNativeTarget "TestTask" */;
			buildPhases = (
				90FF343391404C1F4BBF4D51 /* [CP] Check Pods Manifest.lock */,
				B92BE1E62B29E5BA0004E850 /* Sources */,
				B92BE1E72B29E5BA0004E850 /* Frameworks */,
				B92BE1E82B29E5BA0004E850 /* Resources */,
			);
			buildRules = (
			);
			dependencies = (
			);
			name = TestTask;
			productName = TestTask;
			productReference = B92BE1EA2B29E5BA0004E850 /* TestTask.app */;
			productType = "com.apple.product-type.application";
		};
/* End PBXNativeTarget section */

/* Begin PBXProject section */
		B92BE1E22B29E5BA0004E850 /* Project object */ = {
			isa = PBXProject;
			attributes = {
				BuildIndependentTargetsInParallel = 1;
				LastSwiftUpdateCheck = 1500;
				LastUpgradeCheck = 1500;
				TargetAttributes = {
					B92BE1E92B29E5BA0004E850 = {
						CreatedOnToolsVersion = 15.0.1;
					};
				};
			};
			buildConfigurationList = B92BE1E52B29E5BA0004E850 /* Build configuration list for PBXProject "TestTask" */;
			compatibilityVersion = "Xcode 14.0";
			developmentRegion = en;
			hasScannedForEncodings = 0;
			knownRegions = (
				en,
				Base,
			);
			mainGroup = B92BE1E12B29E5BA0004E850;
			productRefGroup = B92BE1EB2B29E5BA0004E850 /* Products */;
			projectDirPath = "";
			projectRoot = "";
			targets = (
				B92BE1E92B29E5BA0004E850 /* TestTask */,
			);
		};
/* End PBXProject section */

/* Begin PBXResourcesBuildPhase section */
		B92BE1E82B29E5BA0004E850 /* Resources */ = {
			isa = PBXResourcesBuildPhase;
			buildActionMask = 2147483647;
			files = (
				B92BE1FA2B29E5BB0004E850 /* LaunchScreen.storyboard in Resources */,
				B92BE1F72B29E5BB0004E850 /* Assets.xcassets in Resources */,
			);
			runOnlyForDeploymentPostprocessing = 0;
		};
/* End PBXResourcesBuildPhase section */

/* Begin PBXShellScriptBuildPhase section */
		90FF343391404C1F4BBF4D51 /* [CP] Check Pods Manifest.lock */ = {
			isa = PBXShellScriptBuildPhase;
			buildActionMask = 2147483647;
			files = (
			);
			inputFileListPaths = (
			);
			inputPaths = (
				"${PODS_PODFILE_DIR_PATH}/Podfile.lock",
				"${PODS_ROOT}/Manifest.lock",
			);
			name = "[CP] Check Pods Manifest.lock";
			outputFileListPaths = (
			);
			outputPaths = (
				"$(DERIVED_FILE_DIR)/Pods-TestTask-checkManifestLockResult.txt",
			);
			runOnlyForDeploymentPostprocessing = 0;
			shellPath = /bin/sh;
			shellScript = "diff \"${PODS_PODFILE_DIR_PATH}/Podfile.lock\" \"${PODS_ROOT}/Manifest.lock\" > /dev/null\nif [ $? != 0 ] ; then\n    # print error to STDERR\n    echo \"error: The sandbox is not in sync with the Podfile.lock. Run 'pod install' or update your CocoaPods installation.\" >&2\n    exit 1\nfi\n# This output is used by Xcode 'outputs' to avoid re-running this script phase.\necho \"SUCCESS\" > \"${SCRIPT_OUTPUT_FILE_0}\"\n";
			showEnvVarsInLog = 0;
		};
/* End PBXShellScriptBuildPhase section */

/* Begin PBXSourcesBuildPhase section */
		B92BE1E62B29E5BA0004E850 /* Sources */ = {
			isa = PBXSourcesBuildPhase;
			buildActionMask = 2147483647;
			files = (
				B92BE2092B29EB180004E850 /* Model.swift in Sources */,
				B9DD914A2B2A107B00C610EB /* Extension+UIView.swift in Sources */,
				B92BE2072B29E8B80004E850 /* NetworkManager.swift in Sources */,
				B9A731062B2B5120000BF3E0 /* Extension+UIImageView.swift in Sources */,
				B92BE1F22B29E5BA0004E850 /* MainViewController.swift in Sources */,
				B9DD91472B2A100D00C610EB /* CustomTableViewCell.swift in Sources */,
				B92BE1EE2B29E5BA0004E850 /* AppDelegate.swift in Sources */,
				B9A731082B2B5247000BF3E0 /* Extension+String.swift in Sources */,
				B92BE20C2B29F4500004E850 /* MainViewModel.swift in Sources */,
				B92BE1F02B29E5BA0004E850 /* SceneDelegate.swift in Sources */,
				B92BE20E2B29F4B60004E850 /* Coordinator.swift in Sources */,
			);
			runOnlyForDeploymentPostprocessing = 0;
		};
/* End PBXSourcesBuildPhase section */

/* Begin PBXVariantGroup section */
		B92BE1F82B29E5BB0004E850 /* LaunchScreen.storyboard */ = {
			isa = PBXVariantGroup;
			children = (
				B92BE1F92B29E5BB0004E850 /* Base */,
			);
			name = LaunchScreen.storyboard;
			sourceTree = "<group>";
		};
/* End PBXVariantGroup section */

/* Begin XCBuildConfiguration section */
		B92BE1FC2B29E5BB0004E850 /* Debug */ = {
			isa = XCBuildConfiguration;
			buildSettings = {
				ALWAYS_SEARCH_USER_PATHS = NO;
				ASSETCATALOG_COMPILER_GENERATE_SWIFT_ASSET_SYMBOL_EXTENSIONS = YES;
				CLANG_ANALYZER_NONNULL = YES;
				CLANG_ANALYZER_NUMBER_OBJECT_CONVERSION = YES_AGGRESSIVE;
				CLANG_CXX_LANGUAGE_STANDARD = "gnu++20";
				CLANG_ENABLE_MODULES = YES;
				CLANG_ENABLE_OBJC_ARC = YES;
				CLANG_ENABLE_OBJC_WEAK = YES;
				CLANG_WARN_BLOCK_CAPTURE_AUTORELEASING = YES;
				CLANG_WARN_BOOL_CONVERSION = YES;
				CLANG_WARN_COMMA = YES;
				CLANG_WARN_CONSTANT_CONVERSION = YES;
				CLANG_WARN_DEPRECATED_OBJC_IMPLEMENTATIONS = YES;
				CLANG_WARN_DIRECT_OBJC_ISA_USAGE = YES_ERROR;
				CLANG_WARN_DOCUMENTATION_COMMENTS = YES;
				CLANG_WARN_EMPTY_BODY = YES;
				CLANG_WARN_ENUM_CONVERSION = YES;
				CLANG_WARN_INFINITE_RECURSION = YES;
				CLANG_WARN_INT_CONVERSION = YES;
				CLANG_WARN_NON_LITERAL_NULL_CONVERSION = YES;
				CLANG_WARN_OBJC_IMPLICIT_RETAIN_SELF = YES;
				CLANG_WARN_OBJC_LITERAL_CONVERSION = YES;
				CLANG_WARN_OBJC_ROOT_CLASS = YES_ERROR;
				CLANG_WARN_QUOTED_INCLUDE_IN_FRAMEWORK_HEADER = YES;
				CLANG_WARN_RANGE_LOOP_ANALYSIS = YES;
				CLANG_WARN_STRICT_PROTOTYPES = YES;
				CLANG_WARN_SUSPICIOUS_MOVE = YES;
				CLANG_WARN_UNGUARDED_AVAILABILITY = YES_AGGRESSIVE;
				CLANG_WARN_UNREACHABLE_CODE = YES;
				CLANG_WARN__DUPLICATE_METHOD_MATCH = YES;
				COPY_PHASE_STRIP = NO;
				DEBUG_INFORMATION_FORMAT = dwarf;
				ENABLE_STRICT_OBJC_MSGSEND = YES;
				ENABLE_TESTABILITY = YES;
				ENABLE_USER_SCRIPT_SANDBOXING = YES;
				GCC_C_LANGUAGE_STANDARD = gnu17;
				GCC_DYNAMIC_NO_PIC = NO;
				GCC_NO_COMMON_BLOCKS = YES;
				GCC_OPTIMIZATION_LEVEL = 0;
				GCC_PREPROCESSOR_DEFINITIONS = (
					"DEBUG=1",
					"$(inherited)",
				);
				GCC_WARN_64_TO_32_BIT_CONVERSION = YES;
				GCC_WARN_ABOUT_RETURN_TYPE = YES_ERROR;
				GCC_WARN_UNDECLARED_SELECTOR = YES;
				GCC_WARN_UNINITIALIZED_AUTOS = YES_AGGRESSIVE;
				GCC_WARN_UNUSED_FUNCTION = YES;
				GCC_WARN_UNUSED_VARIABLE = YES;
				IPHONEOS_DEPLOYMENT_TARGET = 17.0;
				LOCALIZATION_PREFERS_STRING_CATALOGS = YES;
				MTL_ENABLE_DEBUG_INFO = INCLUDE_SOURCE;
				MTL_FAST_MATH = YES;
				ONLY_ACTIVE_ARCH = YES;
				SDKROOT = iphoneos;
				SWIFT_ACTIVE_COMPILATION_CONDITIONS = "DEBUG $(inherited)";
				SWIFT_OPTIMIZATION_LEVEL = "-Onone";
			};
			name = Debug;
		};
		B92BE1FD2B29E5BB0004E850 /* Release */ = {
			isa = XCBuildConfiguration;
			buildSettings = {
				ALWAYS_SEARCH_USER_PATHS = NO;
				ASSETCATALOG_COMPILER_GENERATE_SWIFT_ASSET_SYMBOL_EXTENSIONS = YES;
				CLANG_ANALYZER_NONNULL = YES;
				CLANG_ANALYZER_NUMBER_OBJECT_CONVERSION = YES_AGGRESSIVE;
				CLANG_CXX_LANGUAGE_STANDARD = "gnu++20";
				CLANG_ENABLE_MODULES = YES;
				CLANG_ENABLE_OBJC_ARC = YES;
				CLANG_ENABLE_OBJC_WEAK = YES;
				CLANG_WARN_BLOCK_CAPTURE_AUTORELEASING = YES;
				CLANG_WARN_BOOL_CONVERSION = YES;
				CLANG_WARN_COMMA = YES;
				CLANG_WARN_CONSTANT_CONVERSION = YES;
				CLANG_WARN_DEPRECATED_OBJC_IMPLEMENTATIONS = YES;
				CLANG_WARN_DIRECT_OBJC_ISA_USAGE = YES_ERROR;
				CLANG_WARN_DOCUMENTATION_COMMENTS = YES;
				CLANG_WARN_EMPTY_BODY = YES;
				CLANG_WARN_ENUM_CONVERSION = YES;
				CLANG_WARN_INFINITE_RECURSION = YES;
				CLANG_WARN_INT_CONVERSION = YES;
				CLANG_WARN_NON_LITERAL_NULL_CONVERSION = YES;
				CLANG_WARN_OBJC_IMPLICIT_RETAIN_SELF = YES;
				CLANG_WARN_OBJC_LITERAL_CONVERSION = YES;
				CLANG_WARN_OBJC_ROOT_CLASS = YES_ERROR;
				CLANG_WARN_QUOTED_INCLUDE_IN_FRAMEWORK_HEADER = YES;
				CLANG_WARN_RANGE_LOOP_ANALYSIS = YES;
				CLANG_WARN_STRICT_PROTOTYPES = YES;
				CLANG_WARN_SUSPICIOUS_MOVE = YES;
				CLANG_WARN_UNGUARDED_AVAILABILITY = YES_AGGRESSIVE;
				CLANG_WARN_UNREACHABLE_CODE = YES;
				CLANG_WARN__DUPLICATE_METHOD_MATCH = YES;
				COPY_PHASE_STRIP = NO;
				DEBUG_INFORMATION_FORMAT = "dwarf-with-dsym";
				ENABLE_NS_ASSERTIONS = NO;
				ENABLE_STRICT_OBJC_MSGSEND = YES;
				ENABLE_USER_SCRIPT_SANDBOXING = YES;
				GCC_C_LANGUAGE_STANDARD = gnu17;
				GCC_NO_COMMON_BLOCKS = YES;
				GCC_WARN_64_TO_32_BIT_CONVERSION = YES;
				GCC_WARN_ABOUT_RETURN_TYPE = YES_ERROR;
				GCC_WARN_UNDECLARED_SELECTOR = YES;
				GCC_WARN_UNINITIALIZED_AUTOS = YES_AGGRESSIVE;
				GCC_WARN_UNUSED_FUNCTION = YES;
				GCC_WARN_UNUSED_VARIABLE = YES;
				IPHONEOS_DEPLOYMENT_TARGET = 17.0;
				LOCALIZATION_PREFERS_STRING_CATALOGS = YES;
				MTL_ENABLE_DEBUG_INFO = NO;
				MTL_FAST_MATH = YES;
				SDKROOT = iphoneos;
				SWIFT_COMPILATION_MODE = wholemodule;
				VALIDATE_PRODUCT = YES;
			};
			name = Release;
		};
		B92BE1FF2B29E5BB0004E850 /* Debug */ = {
			isa = XCBuildConfiguration;
			baseConfigurationReference = 870EA51F0F00DD671EAF0106 /* Pods-TestTask.debug.xcconfig */;
			buildSettings = {
				ASSETCATALOG_COMPILER_APPICON_NAME = AppIcon;
				ASSETCATALOG_COMPILER_GLOBAL_ACCENT_COLOR_NAME = AccentColor;
				CODE_SIGN_STYLE = Automatic;
				CURRENT_PROJECT_VERSION = 1;
				DEVELOPMENT_TEAM = 3HQN9YN4MK;
				GENERATE_INFOPLIST_FILE = YES;
				INFOPLIST_FILE = TestTask/Core/Info.plist;
				INFOPLIST_KEY_UIApplicationSupportsIndirectInputEvents = YES;
				INFOPLIST_KEY_UILaunchStoryboardName = LaunchScreen;
				INFOPLIST_KEY_UISupportedInterfaceOrientations_iPad = "UIInterfaceOrientationPortrait UIInterfaceOrientationPortraitUpsideDown UIInterfaceOrientationLandscapeLeft UIInterfaceOrientationLandscapeRight";
				INFOPLIST_KEY_UISupportedInterfaceOrientations_iPhone = "UIInterfaceOrientationPortrait UIInterfaceOrientationLandscapeLeft UIInterfaceOrientationLandscapeRight";
				LD_RUNPATH_SEARCH_PATHS = (
					"$(inherited)",
					"@executable_path/Frameworks",
				);
				MARKETING_VERSION = 1.0;
				PRODUCT_BUNDLE_IDENTIFIER = DanielLabetsky.TestTask;
				PRODUCT_NAME = "$(TARGET_NAME)";
				SWIFT_EMIT_LOC_STRINGS = YES;
				SWIFT_VERSION = 5.0;
				TARGETED_DEVICE_FAMILY = "1,2";
			};
			name = Debug;
		};
		B92BE2002B29E5BB0004E850 /* Release */ = {
			isa = XCBuildConfiguration;
			baseConfigurationReference = 9C958E7A62F20E14B01A612F /* Pods-TestTask.release.xcconfig */;
			buildSettings = {
				ASSETCATALOG_COMPILER_APPICON_NAME = AppIcon;
				ASSETCATALOG_COMPILER_GLOBAL_ACCENT_COLOR_NAME = AccentColor;
				CODE_SIGN_STYLE = Automatic;
				CURRENT_PROJECT_VERSION = 1;
				DEVELOPMENT_TEAM = 3HQN9YN4MK;
				GENERATE_INFOPLIST_FILE = YES;
				INFOPLIST_FILE = TestTask/Core/Info.plist;
				INFOPLIST_KEY_UIApplicationSupportsIndirectInputEvents = YES;
				INFOPLIST_KEY_UILaunchStoryboardName = LaunchScreen;
				INFOPLIST_KEY_UISupportedInterfaceOrientations_iPad = "UIInterfaceOrientationPortrait UIInterfaceOrientationPortraitUpsideDown UIInterfaceOrientationLandscapeLeft UIInterfaceOrientationLandscapeRight";
				INFOPLIST_KEY_UISupportedInterfaceOrientations_iPhone = "UIInterfaceOrientationPortrait UIInterfaceOrientationLandscapeLeft UIInterfaceOrientationLandscapeRight";
				LD_RUNPATH_SEARCH_PATHS = (
					"$(inherited)",
					"@executable_path/Frameworks",
				);
				MARKETING_VERSION = 1.0;
				PRODUCT_BUNDLE_IDENTIFIER = DanielLabetsky.TestTask;
				PRODUCT_NAME = "$(TARGET_NAME)";
				SWIFT_EMIT_LOC_STRINGS = YES;
				SWIFT_VERSION = 5.0;
				TARGETED_DEVICE_FAMILY = "1,2";
			};
			name = Release;
		};
/* End XCBuildConfiguration section */

/* Begin XCConfigurationList section */
		B92BE1E52B29E5BA0004E850 /* Build configuration list for PBXProject "TestTask" */ = {
			isa = XCConfigurationList;
			buildConfigurations = (
				B92BE1FC2B29E5BB0004E850 /* Debug */,
				B92BE1FD2B29E5BB0004E850 /* Release */,
			);
			defaultConfigurationIsVisible = 0;
			defaultConfigurationName = Release;
		};
		B92BE1FE2B29E5BB0004E850 /* Build configuration list for PBXNativeTarget "TestTask" */ = {
			isa = XCConfigurationList;
			buildConfigurations = (
				B92BE1FF2B29E5BB0004E850 /* Debug */,
				B92BE2002B29E5BB0004E850 /* Release */,
			);
			defaultConfigurationIsVisible = 0;
			defaultConfigurationName = Release;
		};
/* End XCConfigurationList section */
	};
	rootObject = B92BE1E22B29E5BA0004E850 /* Project object */;
}
